
Microsoft Visual Studio Solution File, Format Version 12.00
# Visual Studio 15
Project("{FAE04EC0-301F-11D3-BF4B-00C04F79EFBC}") = "Assembly-CSharp", "Assembly-CSharp.csproj", "{1FFD386E-D13A-5AA4-D3EB-3A04106A0801}"
EndProject
Project("{FAE04EC0-301F-11D3-BF4B-00C04F79EFBC}") = "Assembly-CSharp-Editor", "Assembly-CSharp-Editor.csproj", "{44649868-6FED-0F9E-1CC2-AFF37DA9BFA5}"
EndProject
Global
	GlobalSection(SolutionConfigurationPlatforms) = preSolution
		Debug|Any CPU = Debug|Any CPU
		Release|Any CPU = Release|Any CPU
	EndGlobalSection
	GlobalSection(ProjectConfigurationPlatforms) = postSolution
		{1FFD386E-D13A-5AA4-D3EB-3A04106A0801}.Debug|Any CPU.ActiveCfg = Debug|Any CPU
		{1FFD386E-D13A-5AA4-D3EB-3A04106A0801}.Debug|Any CPU.Build.0 = Debug|Any CPU
		{1FFD386E-D13A-5AA4-D3EB-3A04106A0801}.Release|Any CPU.ActiveCfg = Release|Any CPU
		{1FFD386E-D13A-5AA4-D3EB-3A04106A0801}.Release|Any CPU.Build.0 = Release|Any CPU
		{44649868-6FED-0F9E-1CC2-AFF37DA9BFA5}.Debug|Any CPU.ActiveCfg = Debug|Any CPU
		{44649868-6FED-0F9E-1CC2-AFF37DA9BFA5}.Debug|Any CPU.Build.0 = Debug|Any CPU
		{44649868-6FED-0F9E-1CC2-AFF37DA9BFA5}.Release|Any CPU.ActiveCfg = Release|Any CPU
		{44649868-6FED-0F9E-1CC2-AFF37DA9BFA5}.Release|Any CPU.Build.0 = Release|Any CPU
	EndGlobalSection
	GlobalSection(SolutionProperties) = preSolution
		HideSolutionNode = FALSE
	EndGlobalSection
EndGlobal
